
Microsoft Visual Studio Solution File, Format Version 12.00
# Visual Studio Version 16
VisualStudioVersion = 16.0.31005.135
MinimumVisualStudioVersion = 10.0.40219.1
Project("{9A19103F-16F7-4668-BE54-9A1E7A4F7556}") = "HelloWorld", "HelloWorld.csproj", "{2D6852C2-5235-485B-81C1-1F236A5FDC3D}"
EndProject
Project("{FAE04EC0-301F-11D3-BF4B-00C04F79EFBC}") = "HelloWorldTest", "..\HelloWorldTest\HelloWorldTest.csproj", "{1C1E6B38-F5BF-42C9-A841-1D65A009AC58}"
EndProject
Global
	GlobalSection(SolutionConfigurationPlatforms) = preSolution
		Debug|Any CPU = Debug|Any CPU
		Release|Any CPU = Release|Any CPU
	EndGlobalSection
	GlobalSection(ProjectConfigurationPlatforms) = postSolution
		{2D6852C2-5235-485B-81C1-1F236A5FDC3D}.Debug|Any CPU.ActiveCfg = Debug|Any CPU
		{2D6852C2-5235-485B-81C1-1F236A5FDC3D}.Debug|Any CPU.Build.0 = Debug|Any CPU
		{2D6852C2-5235-485B-81C1-1F236A5FDC3D}.Release|Any CPU.ActiveCfg = Release|Any CPU
		{2D6852C2-5235-485B-81C1-1F236A5FDC3D}.Release|Any CPU.Build.0 = Release|Any CPU
		{1C1E6B38-F5BF-42C9-A841-1D65A009AC58}.Debug|Any CPU.ActiveCfg = Debug|Any CPU
		{1C1E6B38-F5BF-42C9-A841-1D65A009AC58}.Debug|Any CPU.Build.0 = Debug|Any CPU
		{1C1E6B38-F5BF-42C9-A841-1D65A009AC58}.Release|Any CPU.ActiveCfg = Release|Any CPU
		{1C1E6B38-F5BF-42C9-A841-1D65A009AC58}.Release|Any CPU.Build.0 = Release|Any CPU
	EndGlobalSection
	GlobalSection(SolutionProperties) = preSolution
		HideSolutionNode = FALSE
	EndGlobalSection
	GlobalSection(ExtensibilityGlobals) = postSolution
		SolutionGuid = {7DE19545-1AF6-4CF8-A558-ACED72BB491A}
	EndGlobalSection
EndGlobal
